{
  "name": "serverless-plugin-rust",
  "version": "0.1.0-alpha.3",
  "lockfileVersion": 2,
  "requires": true,
  "packages": {
    "": {
      "name": "serverless-plugin-rust",
      "version": "0.1.0-alpha.3",
      "license": "MIT",
      "devDependencies": {
        "adm-zip": "^0.5.10",
        "is-ci": "^3.0.1"
      }
    },
    "node_modules/adm-zip": {
      "version": "0.5.10",
      "resolved": "https://registry.npmjs.org/adm-zip/-/adm-zip-0.5.10.tgz",
      "integrity": "sha512-x0HvcHqVJNTPk/Bw8JbLWlWoo6Wwnsug0fnYYro1HBrjxZ3G7/AZk7Ahv8JwDe1uIcz8eBqvu86FuF1POiG7vQ==",
      "dev": true,
      "engines": {
        "node": ">=6.0"
      }
    },
    "node_modules/ci-info": {
      "version": "3.7.1",
      "resolved": "https://registry.npmjs.org/ci-info/-/ci-info-3.7.1.tgz",
      "integrity": "sha512-4jYS4MOAaCIStSRwiuxc4B8MYhIe676yO1sYGzARnjXkWpmzZMMYxY6zu8WYWDhSuth5zhrQ1rhNSibyyvv4/w==",
      "dev": true,
      "funding": [
        {
          "type": "github",
          "url": "https://github.com/sponsors/sibiraj-s"
        }
      ],
      "engines": {
        "node": ">=8"
      }
    },
    "node_modules/is-ci": {
      "version": "3.0.1",
      "resolved": "https://registry.npmjs.org/is-ci/-/is-ci-3.0.1.tgz",
      "integrity": "sha512-ZYvCgrefwqoQ6yTyYUbQu64HsITZ3NfKX1lzaEYdkTDcfKzzCI/wthRRYKkdjHKFVgNiXKAKm65Zo1pk2as/QQ==",
      "dev": true,
      "dependencies": {
        "ci-info": "^3.2.0"
      },
      "bin": {
        "is-ci": "bin.js"
      }
    }
  },
  "dependencies": {
    "adm-zip": {
      "version": "0.5.10",
      "resolved": "https://registry.npmjs.org/adm-zip/-/adm-zip-0.5.10.tgz",
      "integrity": "sha512-x0HvcHqVJNTPk/Bw8JbLWlWoo6Wwnsug0fnYYro1HBrjxZ3G7/AZk7Ahv8JwDe1uIcz8eBqvu86FuF1POiG7vQ==",
      "dev": true
    },
    "ci-info": {
      "version": "3.7.1",
      "resolved": "https://registry.npmjs.org/ci-info/-/ci-info-3.7.1.tgz",
      "integrity": "sha512-4jYS4MOAaCIStSRwiuxc4B8MYhIe676yO1sYGzARnjXkWpmzZMMYxY6zu8WYWDhSuth5zhrQ1rhNSibyyvv4/w==",
      "dev": true
    },
    "is-ci": {
      "version": "3.0.1",
      "resolved": "https://registry.npmjs.org/is-ci/-/is-ci-3.0.1.tgz",
      "integrity": "sha512-ZYvCgrefwqoQ6yTyYUbQu64HsITZ3NfKX1lzaEYdkTDcfKzzCI/wthRRYKkdjHKFVgNiXKAKm65Zo1pk2as/QQ==",
      "dev": true,
      "requires": {
        "ci-info": "^3.2.0"
      }
    }
  }
}
